{
  "name": "smart-text-editor",
  "lockfileVersion": 3,
  "requires": true,
  "packages": {
    "": {
      "name": "smart-text-editor",
      "devDependencies": {
        "@types/prismjs": "^1.26.0",
        "new-javascript": "^0.1.14"
      }
    },
    "node_modules/@types/prismjs": {
      "version": "1.26.0",
      "resolved": "https://registry.npmjs.org/@types/prismjs/-/prismjs-1.26.0.tgz",
      "integrity": "sha512-ZTaqn/qSqUuAq1YwvOFQfVW1AR/oQJlLSZVustdjwI+GZ8kr0MSHBj0tsXPW1EqHubx50gtBEjbPGsdZwQwCjQ==",
      "dev": true
    },
    "node_modules/new-javascript": {
      "version": "0.1.14",
      "resolved": "https://registry.npmjs.org/new-javascript/-/new-javascript-0.1.14.tgz",
      "integrity": "sha512-qtReKobjuNb77QDgVDDU/fMMAIdbZ8QfBH3pLGUNq7ft4Kkoegitd42knALnx69QYHfCh1ZkccWFh8xfSdonAw==",
      "dev": true
    }
  }
}