{
  "name": "smart-text-editor",
  "lockfileVersion": 3,
  "requires": true,
  "packages": {
    "": {
      "name": "smart-text-editor",
      "dependencies": {
        "@stedit/menu-drop": "^1.0.0",
        "@stedit/num-text": "^1.0.0",
        "nbtify": "^1.20.1"
      },
      "devDependencies": {
        "@types/prismjs": "^1.26.0",
        "better-typescript": "^0.0.7",
        "new-javascript": "^0.2.4"
      }
    },
    "node_modules/@stedit/menu-drop": {
      "version": "1.0.0",
      "resolved": "https://registry.npmjs.org/@stedit/menu-drop/-/menu-drop-1.0.0.tgz",
      "integrity": "sha512-hXFZRstcidvUZO2TRMco7ZJPDDw31ZPrNrysd+NHahs+kZ8U47Kzj5z9geEIt7MO5O3GsQOH6C7BjWu0OXA75Q=="
    },
    "node_modules/@stedit/num-text": {
      "version": "1.0.0",
      "resolved": "https://registry.npmjs.org/@stedit/num-text/-/num-text-1.0.0.tgz",
      "integrity": "sha512-2hKyzwtwTI7Z9Tu+ZoaMN2opBpXNVe+vZ4PAk46K4jMMn8OGHfboNLjOHZkpBwhfKbCuw1qvUfX8rhN8c9N9vg=="
    },
    "node_modules/@types/prismjs": {
      "version": "1.26.0",
      "resolved": "https://registry.npmjs.org/@types/prismjs/-/prismjs-1.26.0.tgz",
      "integrity": "sha512-ZTaqn/qSqUuAq1YwvOFQfVW1AR/oQJlLSZVustdjwI+GZ8kr0MSHBj0tsXPW1EqHubx50gtBEjbPGsdZwQwCjQ==",
      "dev": true
    },
    "node_modules/better-typescript": {
      "version": "0.0.7",
      "resolved": "https://registry.npmjs.org/better-typescript/-/better-typescript-0.0.7.tgz",
      "integrity": "sha512-W+ERLAb0i+Hqya5wQWKHwP85876Grp9FEplYLpgP5OxrihKBjWooDy+Mnjzpiu+/KVqvjewyGLzQ5SZE1qWZzw==",
      "dev": true,
      "dependencies": {
        "new-javascript": ">=0.2.4"
      }
    },
    "node_modules/nbtify": {
      "version": "1.20.1",
      "resolved": "https://registry.npmjs.org/nbtify/-/nbtify-1.20.1.tgz",
      "integrity": "sha512-Rgcf1TmsmImhwhdJsAzIBZcc+DmUlkBx7yQVa5LFJRGR1Ra6q0LI/oJqdKlra21Unpw552SbkjFc0GxM0RU5VQ=="
    },
    "node_modules/new-javascript": {
      "version": "0.2.4",
      "resolved": "https://registry.npmjs.org/new-javascript/-/new-javascript-0.2.4.tgz",
      "integrity": "sha512-Ib/RM1Irwy6eGuH1dxLFxLL0htWFlf2G6NP3FPzSK/51c9WWltUgZZ7XQcPb5DnUjdzu/iyS6k+uE6fTjeXOEQ==",
      "dev": true
    }
  }
}
