{
  "name": "smart-text-editor",
  "lockfileVersion": 3,
  "requires": true,
  "packages": {
    "": {
      "name": "smart-text-editor",
      "dependencies": {
        "@stedit/menu-drop": "^1.0.1",
        "@stedit/num-text": "^1.0.1",
        "nbtify": "^1.35.3"
      },
      "devDependencies": {
        "@types/prismjs": "^1.26.0",
        "better-typescript": "^0.1.2",
        "new-javascript": "^0.3.1",
        "typescript": "^5.0.4"
      }
    },
    "node_modules/@stedit/menu-drop": {
      "version": "1.0.1",
      "resolved": "https://registry.npmjs.org/@stedit/menu-drop/-/menu-drop-1.0.1.tgz",
      "integrity": "sha512-Z6qKIKo/EEGEZj6hZjs5K/izCrPi6ToEGJsxdRu6jirb8JlrQs2igMZhg6wHqtBT8b6wxhVDqQyNuJtr1K6Hyw=="
    },
    "node_modules/@stedit/num-text": {
      "version": "1.0.1",
      "resolved": "https://registry.npmjs.org/@stedit/num-text/-/num-text-1.0.1.tgz",
      "integrity": "sha512-O+hAF64/HbmgbGLL2RZgjY2MjnjD3rTt5A3IUBAZZgFUgEsxjZkcMa8kOVvs8bZ3yMsox/PdJLuSPqv/I5TUWQ=="
    },
    "node_modules/@types/prismjs": {
      "version": "1.26.0",
      "resolved": "https://registry.npmjs.org/@types/prismjs/-/prismjs-1.26.0.tgz",
      "integrity": "sha512-ZTaqn/qSqUuAq1YwvOFQfVW1AR/oQJlLSZVustdjwI+GZ8kr0MSHBj0tsXPW1EqHubx50gtBEjbPGsdZwQwCjQ==",
      "dev": true
    },
    "node_modules/better-typescript": {
      "version": "0.1.2",
      "resolved": "https://registry.npmjs.org/better-typescript/-/better-typescript-0.1.2.tgz",
      "integrity": "sha512-8QCnjZB5IXx2q4mP4PslrRFQTeFlQ78stgh905tkAhTPOhVBlQnvNC6V/yb00Nzu3T2oSbOjgLo9yQJtyhkQ6Q==",
      "dev": true,
      "dependencies": {
        "new-javascript": ">=0.3.1"
      }
    },
    "node_modules/nbtify": {
      "version": "1.35.3",
      "resolved": "https://registry.npmjs.org/nbtify/-/nbtify-1.35.3.tgz",
      "integrity": "sha512-XDa03gXEPiKhAKY6mT2uwUv9GWNgxG7qwVZ7dp2oiU6gwmPjoTEwtWLYMMl1iFw3yn6Q1oZOssad2o4jrZ1v4w=="
    },
    "node_modules/new-javascript": {
      "version": "0.3.1",
      "resolved": "https://registry.npmjs.org/new-javascript/-/new-javascript-0.3.1.tgz",
      "integrity": "sha512-a7xw8ztu02+OllV2+X9GUIzBNcxFrMm7Qgkb8FotXL66qecZSOiiSZxKEVpuqhr6A3KPRpnDRxVhOwi8WBG+5w==",
      "dev": true
    },
    "node_modules/typescript": {
      "version": "5.0.4",
      "resolved": "https://registry.npmjs.org/typescript/-/typescript-5.0.4.tgz",
      "integrity": "sha512-cW9T5W9xY37cc+jfEnaUvX91foxtHkza3Nw3wkoF4sSlKn0MONdkdEndig/qPBWXNkmplh3NzayQzCiHM4/hqw==",
      "dev": true,
      "bin": {
        "tsc": "bin/tsc",
        "tsserver": "bin/tsserver"
      },
      "engines": {
        "node": ">=12.20"
      }
    }
  }
}
